
Microsoft Visual Studio Solution File, Format Version 12.00
# Visual Studio 2013
VisualStudioVersion = 12.0.30501.0
MinimumVisualStudioVersion = 10.0.40219.1
Project("{656346D9-4656-40DA-A068-22D5425D4639}") = "BusinessLogic", "BusinessLogic\BusinessLogic.oxygene", "{FCA57C06-F427-415F-988B-CB9AA3FD400C}"
EndProject
Project("{656346D9-4656-40DA-A068-22D5425D4639}") = "SampleServer", "SampleServer\SampleServer.oxygene", "{53C7DD0D-C528-40AE-A8E6-7498FA3F60DA}"
EndProject
Project("{656346D9-4656-40DA-A068-22D5425D4639}") = "SampleClient", "V:\tests\ROSDK\SampleClient\SampleClient.oxygene", "{CD629F25-89F8-497A-974D-D31AB273E82A}"
EndProject
Global
	GlobalSection(SolutionConfigurationPlatforms) = preSolution
		Debug|Mixed Platforms = Debug|Mixed Platforms
		Release|Mixed Platforms = Release|Mixed Platforms
	EndGlobalSection
	GlobalSection(ProjectConfigurationPlatforms) = postSolution
		{FCA57C06-F427-415F-988B-CB9AA3FD400C}.Debug|Mixed Platforms.ActiveCfg = Debug
		{FCA57C06-F427-415F-988B-CB9AA3FD400C}.Debug|Mixed Platforms.Build.0 = Debug
		{FCA57C06-F427-415F-988B-CB9AA3FD400C}.Release|Mixed Platforms.ActiveCfg = Release
		{FCA57C06-F427-415F-988B-CB9AA3FD400C}.Release|Mixed Platforms.Build.0 = Release
		{53C7DD0D-C528-40AE-A8E6-7498FA3F60DA}.Debug|Mixed Platforms.ActiveCfg = Debug
		{53C7DD0D-C528-40AE-A8E6-7498FA3F60DA}.Debug|Mixed Platforms.Build.0 = Debug
		{53C7DD0D-C528-40AE-A8E6-7498FA3F60DA}.Release|Mixed Platforms.ActiveCfg = Release
		{53C7DD0D-C528-40AE-A8E6-7498FA3F60DA}.Release|Mixed Platforms.Build.0 = Release
		{CD629F25-89F8-497A-974D-D31AB273E82A}.Debug|Mixed Platforms.ActiveCfg = Debug
		{CD629F25-89F8-497A-974D-D31AB273E82A}.Debug|Mixed Platforms.Build.0 = Debug
		{CD629F25-89F8-497A-974D-D31AB273E82A}.Release|Mixed Platforms.ActiveCfg = Release
		{CD629F25-89F8-497A-974D-D31AB273E82A}.Release|Mixed Platforms.Build.0 = Release
	EndGlobalSection
	GlobalSection(SolutionProperties) = preSolution
		HideSolutionNode = FALSE
	EndGlobalSection
EndGlobal
